
Microsoft Visual Studio Solution File, Format Version 12.00
# Visual Studio Version 17
VisualStudioVersion = 17.8.34525.116
MinimumVisualStudioVersion = 10.0.40219.1
Project("{8BC9CEB8-8B4A-11D0-8D11-00A0C91BC942}") = "ConsoleApplication1", "ConsoleApplication1\ConsoleApplication1.vcxproj", "{DF71CB08-876D-4057-8AED-D6306E72F67C}"
EndProject
Project("{8BC9CEB8-8B4A-11D0-8D11-00A0C91BC942}") = "LoQueCuestaSumar", "LoQueCuestaSumar\LoQueCuestaSumar.vcxproj", "{9E4533CF-BE87-4B3A-A4DE-B2AD0F4348F7}"
EndProject
Project("{8BC9CEB8-8B4A-11D0-8D11-00A0C91BC942}") = "UnidadCuriosaDeMonitorizacion", "UnidadCuriosaDeMonitorizacion\UnidadCuriosaDeMonitorizacion.vcxproj", "{09D49A16-43AE-4B90-9677-F2D4570C73AF}"
EndProject
Project("{8BC9CEB8-8B4A-11D0-8D11-00A0C91BC942}") = "Orquesta", "Orquesta\Orquesta.vcxproj", "{906C9730-B030-4087-91ED-8FBB96044C4E}"
EndProject
Project("{8BC9CEB8-8B4A-11D0-8D11-00A0C91BC942}") = "IsAVL", "IsAVL\IsAVL.vcxproj", "{C23AEDEA-B3EB-4BC6-AEA0-C875B2E397B2}"
EndProject
Project("{8BC9CEB8-8B4A-11D0-8D11-00A0C91BC942}") = "Grafos_1", "Grafos_1\Grafos_1.vcxproj", "{CDEF7AA4-69E1-490C-AD73-EC8582D43C35}"
EndProject
Project("{8BC9CEB8-8B4A-11D0-8D11-00A0C91BC942}") = "BatallaAudiencias", "BatallaAudiencias\BatallaAudiencias.vcxproj", "{87F73467-DDEF-4138-86B8-610FBB1273CD}"
EndProject
Project("{8BC9CEB8-8B4A-11D0-8D11-00A0C91BC942}") = "Amigos", "Amigos\Amigos.vcxproj", "{5651A243-ADEE-4ADF-AE82-20889423D121}"
EndProject
Project("{8BC9CEB8-8B4A-11D0-8D11-00A0C91BC942}") = "Noticias", "Noticias\Noticias.vcxproj", "{F53FD392-6E9A-46D8-858E-8537AA5E6E05}"
EndProject
Project("{8BC9CEB8-8B4A-11D0-8D11-00A0C91BC942}") = "KevinBacon", "KevinBacon\KevinBacon.vcxproj", "{94C22217-55BD-4ADD-B9E1-2C31BCC95E16}"
EndProject
Project("{8BC9CEB8-8B4A-11D0-8D11-00A0C91BC942}") = "NodoLejano", "NodoLejano\NodoLejano.vcxproj", "{2F551BBD-2E7D-43B4-8260-F3F49CA54D9A}"
EndProject
Project("{8BC9CEB8-8B4A-11D0-8D11-00A0C91BC942}") = "PeajeALaSombra", "PeajeALaSombra\PeajeALaSombra.vcxproj", "{B981D9D8-3131-4EC3-83C9-7C7A9FABDBEC}"
EndProject
Project("{8BC9CEB8-8B4A-11D0-8D11-00A0C91BC942}") = "MaquinaCalculadora", "MaquinaCalculadora\MaquinaCalculadora.vcxproj", "{8751B44B-E579-42C1-B3B7-E355ACC7B87F}"
EndProject
Project("{8BC9CEB8-8B4A-11D0-8D11-00A0C91BC942}") = "SerpientesYEscaleras", "SerpientesYEscaleras\SerpientesYEscaleras.vcxproj", "{61C2C328-0CD4-4A99-9C51-8411D37865DC}"
EndProject
Project("{8BC9CEB8-8B4A-11D0-8D11-00A0C91BC942}") = "Sumidero", "Sumidero\Sumidero.vcxproj", "{C3DCFDA0-086C-460C-A891-B288F332AAEF}"
EndProject
Project("{8BC9CEB8-8B4A-11D0-8D11-00A0C91BC942}") = "Necronomicon", "Necronomicon\Necronomicon.vcxproj", "{C64562D8-2505-4762-976F-B401EC088F92}"
EndProject
Project("{8BC9CEB8-8B4A-11D0-8D11-00A0C91BC942}") = "ManchasPetroleo", "ManchasPetroleo\ManchasPetroleo.vcxproj", "{9160AE22-6D57-46A5-9594-31397F1BAC17}"
EndProject
Project("{8BC9CEB8-8B4A-11D0-8D11-00A0C91BC942}") = "Camiones", "Camiones\Camiones.vcxproj", "{567C2A1A-B9EB-405A-B51A-835AC00B7005}"
EndProject
Project("{8BC9CEB8-8B4A-11D0-8D11-00A0C91BC942}") = "ArchipielagoBicicleta", "ArchipielagoBicicleta\ArchipielagoBicicleta.vcxproj", "{067AA71C-76FE-4119-A962-07F22DFA5771}"
EndProject
Global
	GlobalSection(SolutionConfigurationPlatforms) = preSolution
		Debug|x64 = Debug|x64
		Debug|x86 = Debug|x86
		Release|x64 = Release|x64
		Release|x86 = Release|x86
	EndGlobalSection
	GlobalSection(ProjectConfigurationPlatforms) = postSolution
		{DF71CB08-876D-4057-8AED-D6306E72F67C}.Debug|x64.ActiveCfg = Debug|x64
		{DF71CB08-876D-4057-8AED-D6306E72F67C}.Debug|x64.Build.0 = Debug|x64
		{DF71CB08-876D-4057-8AED-D6306E72F67C}.Debug|x86.ActiveCfg = Debug|Win32
		{DF71CB08-876D-4057-8AED-D6306E72F67C}.Debug|x86.Build.0 = Debug|Win32
		{DF71CB08-876D-4057-8AED-D6306E72F67C}.Release|x64.ActiveCfg = Release|x64
		{DF71CB08-876D-4057-8AED-D6306E72F67C}.Release|x64.Build.0 = Release|x64
		{DF71CB08-876D-4057-8AED-D6306E72F67C}.Release|x86.ActiveCfg = Release|Win32
		{DF71CB08-876D-4057-8AED-D6306E72F67C}.Release|x86.Build.0 = Release|Win32
		{9E4533CF-BE87-4B3A-A4DE-B2AD0F4348F7}.Debug|x64.ActiveCfg = Debug|x64
		{9E4533CF-BE87-4B3A-A4DE-B2AD0F4348F7}.Debug|x64.Build.0 = Debug|x64
		{9E4533CF-BE87-4B3A-A4DE-B2AD0F4348F7}.Debug|x86.ActiveCfg = Debug|Win32
		{9E4533CF-BE87-4B3A-A4DE-B2AD0F4348F7}.Debug|x86.Build.0 = Debug|Win32
		{9E4533CF-BE87-4B3A-A4DE-B2AD0F4348F7}.Release|x64.ActiveCfg = Release|x64
		{9E4533CF-BE87-4B3A-A4DE-B2AD0F4348F7}.Release|x64.Build.0 = Release|x64
		{9E4533CF-BE87-4B3A-A4DE-B2AD0F4348F7}.Release|x86.ActiveCfg = Release|Win32
		{9E4533CF-BE87-4B3A-A4DE-B2AD0F4348F7}.Release|x86.Build.0 = Release|Win32
		{09D49A16-43AE-4B90-9677-F2D4570C73AF}.Debug|x64.ActiveCfg = Debug|x64
		{09D49A16-43AE-4B90-9677-F2D4570C73AF}.Debug|x64.Build.0 = Debug|x64
		{09D49A16-43AE-4B90-9677-F2D4570C73AF}.Debug|x86.ActiveCfg = Debug|Win32
		{09D49A16-43AE-4B90-9677-F2D4570C73AF}.Debug|x86.Build.0 = Debug|Win32
		{09D49A16-43AE-4B90-9677-F2D4570C73AF}.Release|x64.ActiveCfg = Release|x64
		{09D49A16-43AE-4B90-9677-F2D4570C73AF}.Release|x64.Build.0 = Release|x64
		{09D49A16-43AE-4B90-9677-F2D4570C73AF}.Release|x86.ActiveCfg = Release|Win32
		{09D49A16-43AE-4B90-9677-F2D4570C73AF}.Release|x86.Build.0 = Release|Win32
		{906C9730-B030-4087-91ED-8FBB96044C4E}.Debug|x64.ActiveCfg = Debug|x64
		{906C9730-B030-4087-91ED-8FBB96044C4E}.Debug|x64.Build.0 = Debug|x64
		{906C9730-B030-4087-91ED-8FBB96044C4E}.Debug|x86.ActiveCfg = Debug|Win32
		{906C9730-B030-4087-91ED-8FBB96044C4E}.Debug|x86.Build.0 = Debug|Win32
		{906C9730-B030-4087-91ED-8FBB96044C4E}.Release|x64.ActiveCfg = Release|x64
		{906C9730-B030-4087-91ED-8FBB96044C4E}.Release|x64.Build.0 = Release|x64
		{906C9730-B030-4087-91ED-8FBB96044C4E}.Release|x86.ActiveCfg = Release|Win32
		{906C9730-B030-4087-91ED-8FBB96044C4E}.Release|x86.Build.0 = Release|Win32
		{C23AEDEA-B3EB-4BC6-AEA0-C875B2E397B2}.Debug|x64.ActiveCfg = Debug|x64
		{C23AEDEA-B3EB-4BC6-AEA0-C875B2E397B2}.Debug|x64.Build.0 = Debug|x64
		{C23AEDEA-B3EB-4BC6-AEA0-C875B2E397B2}.Debug|x86.ActiveCfg = Debug|Win32
		{C23AEDEA-B3EB-4BC6-AEA0-C875B2E397B2}.Debug|x86.Build.0 = Debug|Win32
		{C23AEDEA-B3EB-4BC6-AEA0-C875B2E397B2}.Release|x64.ActiveCfg = Release|x64
		{C23AEDEA-B3EB-4BC6-AEA0-C875B2E397B2}.Release|x64.Build.0 = Release|x64
		{C23AEDEA-B3EB-4BC6-AEA0-C875B2E397B2}.Release|x86.ActiveCfg = Release|Win32
		{C23AEDEA-B3EB-4BC6-AEA0-C875B2E397B2}.Release|x86.Build.0 = Release|Win32
		{CDEF7AA4-69E1-490C-AD73-EC8582D43C35}.Debug|x64.ActiveCfg = Debug|x64
		{CDEF7AA4-69E1-490C-AD73-EC8582D43C35}.Debug|x64.Build.0 = Debug|x64
		{CDEF7AA4-69E1-490C-AD73-EC8582D43C35}.Debug|x86.ActiveCfg = Debug|Win32
		{CDEF7AA4-69E1-490C-AD73-EC8582D43C35}.Debug|x86.Build.0 = Debug|Win32
		{CDEF7AA4-69E1-490C-AD73-EC8582D43C35}.Release|x64.ActiveCfg = Release|x64
		{CDEF7AA4-69E1-490C-AD73-EC8582D43C35}.Release|x64.Build.0 = Release|x64
		{CDEF7AA4-69E1-490C-AD73-EC8582D43C35}.Release|x86.ActiveCfg = Release|Win32
		{CDEF7AA4-69E1-490C-AD73-EC8582D43C35}.Release|x86.Build.0 = Release|Win32
		{87F73467-DDEF-4138-86B8-610FBB1273CD}.Debug|x64.ActiveCfg = Debug|x64
		{87F73467-DDEF-4138-86B8-610FBB1273CD}.Debug|x64.Build.0 = Debug|x64
		{87F73467-DDEF-4138-86B8-610FBB1273CD}.Debug|x86.ActiveCfg = Debug|Win32
		{87F73467-DDEF-4138-86B8-610FBB1273CD}.Debug|x86.Build.0 = Debug|Win32
		{87F73467-DDEF-4138-86B8-610FBB1273CD}.Release|x64.ActiveCfg = Release|x64
		{87F73467-DDEF-4138-86B8-610FBB1273CD}.Release|x64.Build.0 = Release|x64
		{87F73467-DDEF-4138-86B8-610FBB1273CD}.Release|x86.ActiveCfg = Release|Win32
		{87F73467-DDEF-4138-86B8-610FBB1273CD}.Release|x86.Build.0 = Release|Win32
		{5651A243-ADEE-4ADF-AE82-20889423D121}.Debug|x64.ActiveCfg = Debug|x64
		{5651A243-ADEE-4ADF-AE82-20889423D121}.Debug|x64.Build.0 = Debug|x64
		{5651A243-ADEE-4ADF-AE82-20889423D121}.Debug|x86.ActiveCfg = Debug|Win32
		{5651A243-ADEE-4ADF-AE82-20889423D121}.Debug|x86.Build.0 = Debug|Win32
		{5651A243-ADEE-4ADF-AE82-20889423D121}.Release|x64.ActiveCfg = Release|x64
		{5651A243-ADEE-4ADF-AE82-20889423D121}.Release|x64.Build.0 = Release|x64
		{5651A243-ADEE-4ADF-AE82-20889423D121}.Release|x86.ActiveCfg = Release|Win32
		{5651A243-ADEE-4ADF-AE82-20889423D121}.Release|x86.Build.0 = Release|Win32
		{F53FD392-6E9A-46D8-858E-8537AA5E6E05}.Debug|x64.ActiveCfg = Debug|x64
		{F53FD392-6E9A-46D8-858E-8537AA5E6E05}.Debug|x64.Build.0 = Debug|x64
		{F53FD392-6E9A-46D8-858E-8537AA5E6E05}.Debug|x86.ActiveCfg = Debug|Win32
		{F53FD392-6E9A-46D8-858E-8537AA5E6E05}.Debug|x86.Build.0 = Debug|Win32
		{F53FD392-6E9A-46D8-858E-8537AA5E6E05}.Release|x64.ActiveCfg = Release|x64
		{F53FD392-6E9A-46D8-858E-8537AA5E6E05}.Release|x64.Build.0 = Release|x64
		{F53FD392-6E9A-46D8-858E-8537AA5E6E05}.Release|x86.ActiveCfg = Release|Win32
		{F53FD392-6E9A-46D8-858E-8537AA5E6E05}.Release|x86.Build.0 = Release|Win32
		{94C22217-55BD-4ADD-B9E1-2C31BCC95E16}.Debug|x64.ActiveCfg = Debug|x64
		{94C22217-55BD-4ADD-B9E1-2C31BCC95E16}.Debug|x64.Build.0 = Debug|x64
		{94C22217-55BD-4ADD-B9E1-2C31BCC95E16}.Debug|x86.ActiveCfg = Debug|Win32
		{94C22217-55BD-4ADD-B9E1-2C31BCC95E16}.Debug|x86.Build.0 = Debug|Win32
		{94C22217-55BD-4ADD-B9E1-2C31BCC95E16}.Release|x64.ActiveCfg = Release|x64
		{94C22217-55BD-4ADD-B9E1-2C31BCC95E16}.Release|x64.Build.0 = Release|x64
		{94C22217-55BD-4ADD-B9E1-2C31BCC95E16}.Release|x86.ActiveCfg = Release|Win32
		{94C22217-55BD-4ADD-B9E1-2C31BCC95E16}.Release|x86.Build.0 = Release|Win32
		{2F551BBD-2E7D-43B4-8260-F3F49CA54D9A}.Debug|x64.ActiveCfg = Debug|x64
		{2F551BBD-2E7D-43B4-8260-F3F49CA54D9A}.Debug|x64.Build.0 = Debug|x64
		{2F551BBD-2E7D-43B4-8260-F3F49CA54D9A}.Debug|x86.ActiveCfg = Debug|Win32
		{2F551BBD-2E7D-43B4-8260-F3F49CA54D9A}.Debug|x86.Build.0 = Debug|Win32
		{2F551BBD-2E7D-43B4-8260-F3F49CA54D9A}.Release|x64.ActiveCfg = Release|x64
		{2F551BBD-2E7D-43B4-8260-F3F49CA54D9A}.Release|x64.Build.0 = Release|x64
		{2F551BBD-2E7D-43B4-8260-F3F49CA54D9A}.Release|x86.ActiveCfg = Release|Win32
		{2F551BBD-2E7D-43B4-8260-F3F49CA54D9A}.Release|x86.Build.0 = Release|Win32
		{B981D9D8-3131-4EC3-83C9-7C7A9FABDBEC}.Debug|x64.ActiveCfg = Debug|x64
		{B981D9D8-3131-4EC3-83C9-7C7A9FABDBEC}.Debug|x64.Build.0 = Debug|x64
		{B981D9D8-3131-4EC3-83C9-7C7A9FABDBEC}.Debug|x86.ActiveCfg = Debug|Win32
		{B981D9D8-3131-4EC3-83C9-7C7A9FABDBEC}.Debug|x86.Build.0 = Debug|Win32
		{B981D9D8-3131-4EC3-83C9-7C7A9FABDBEC}.Release|x64.ActiveCfg = Release|x64
		{B981D9D8-3131-4EC3-83C9-7C7A9FABDBEC}.Release|x64.Build.0 = Release|x64
		{B981D9D8-3131-4EC3-83C9-7C7A9FABDBEC}.Release|x86.ActiveCfg = Release|Win32
		{B981D9D8-3131-4EC3-83C9-7C7A9FABDBEC}.Release|x86.Build.0 = Release|Win32
		{8751B44B-E579-42C1-B3B7-E355ACC7B87F}.Debug|x64.ActiveCfg = Debug|x64
		{8751B44B-E579-42C1-B3B7-E355ACC7B87F}.Debug|x64.Build.0 = Debug|x64
		{8751B44B-E579-42C1-B3B7-E355ACC7B87F}.Debug|x86.ActiveCfg = Debug|Win32
		{8751B44B-E579-42C1-B3B7-E355ACC7B87F}.Debug|x86.Build.0 = Debug|Win32
		{8751B44B-E579-42C1-B3B7-E355ACC7B87F}.Release|x64.ActiveCfg = Release|x64
		{8751B44B-E579-42C1-B3B7-E355ACC7B87F}.Release|x64.Build.0 = Release|x64
		{8751B44B-E579-42C1-B3B7-E355ACC7B87F}.Release|x86.ActiveCfg = Release|Win32
		{8751B44B-E579-42C1-B3B7-E355ACC7B87F}.Release|x86.Build.0 = Release|Win32
		{61C2C328-0CD4-4A99-9C51-8411D37865DC}.Debug|x64.ActiveCfg = Debug|x64
		{61C2C328-0CD4-4A99-9C51-8411D37865DC}.Debug|x64.Build.0 = Debug|x64
		{61C2C328-0CD4-4A99-9C51-8411D37865DC}.Debug|x86.ActiveCfg = Debug|Win32
		{61C2C328-0CD4-4A99-9C51-8411D37865DC}.Debug|x86.Build.0 = Debug|Win32
		{61C2C328-0CD4-4A99-9C51-8411D37865DC}.Release|x64.ActiveCfg = Release|x64
		{61C2C328-0CD4-4A99-9C51-8411D37865DC}.Release|x64.Build.0 = Release|x64
		{61C2C328-0CD4-4A99-9C51-8411D37865DC}.Release|x86.ActiveCfg = Release|Win32
		{61C2C328-0CD4-4A99-9C51-8411D37865DC}.Release|x86.Build.0 = Release|Win32
		{C3DCFDA0-086C-460C-A891-B288F332AAEF}.Debug|x64.ActiveCfg = Debug|x64
		{C3DCFDA0-086C-460C-A891-B288F332AAEF}.Debug|x64.Build.0 = Debug|x64
		{C3DCFDA0-086C-460C-A891-B288F332AAEF}.Debug|x86.ActiveCfg = Debug|Win32
		{C3DCFDA0-086C-460C-A891-B288F332AAEF}.Debug|x86.Build.0 = Debug|Win32
		{C3DCFDA0-086C-460C-A891-B288F332AAEF}.Release|x64.ActiveCfg = Release|x64
		{C3DCFDA0-086C-460C-A891-B288F332AAEF}.Release|x64.Build.0 = Release|x64
		{C3DCFDA0-086C-460C-A891-B288F332AAEF}.Release|x86.ActiveCfg = Release|Win32
		{C3DCFDA0-086C-460C-A891-B288F332AAEF}.Release|x86.Build.0 = Release|Win32
		{C64562D8-2505-4762-976F-B401EC088F92}.Debug|x64.ActiveCfg = Debug|x64
		{C64562D8-2505-4762-976F-B401EC088F92}.Debug|x64.Build.0 = Debug|x64
		{C64562D8-2505-4762-976F-B401EC088F92}.Debug|x86.ActiveCfg = Debug|Win32
		{C64562D8-2505-4762-976F-B401EC088F92}.Debug|x86.Build.0 = Debug|Win32
		{C64562D8-2505-4762-976F-B401EC088F92}.Release|x64.ActiveCfg = Release|x64
		{C64562D8-2505-4762-976F-B401EC088F92}.Release|x64.Build.0 = Release|x64
		{C64562D8-2505-4762-976F-B401EC088F92}.Release|x86.ActiveCfg = Release|Win32
		{C64562D8-2505-4762-976F-B401EC088F92}.Release|x86.Build.0 = Release|Win32
		{9160AE22-6D57-46A5-9594-31397F1BAC17}.Debug|x64.ActiveCfg = Debug|x64
		{9160AE22-6D57-46A5-9594-31397F1BAC17}.Debug|x64.Build.0 = Debug|x64
		{9160AE22-6D57-46A5-9594-31397F1BAC17}.Debug|x86.ActiveCfg = Debug|Win32
		{9160AE22-6D57-46A5-9594-31397F1BAC17}.Debug|x86.Build.0 = Debug|Win32
		{9160AE22-6D57-46A5-9594-31397F1BAC17}.Release|x64.ActiveCfg = Release|x64
		{9160AE22-6D57-46A5-9594-31397F1BAC17}.Release|x64.Build.0 = Release|x64
		{9160AE22-6D57-46A5-9594-31397F1BAC17}.Release|x86.ActiveCfg = Release|Win32
		{9160AE22-6D57-46A5-9594-31397F1BAC17}.Release|x86.Build.0 = Release|Win32
		{567C2A1A-B9EB-405A-B51A-835AC00B7005}.Debug|x64.ActiveCfg = Debug|x64
		{567C2A1A-B9EB-405A-B51A-835AC00B7005}.Debug|x64.Build.0 = Debug|x64
		{567C2A1A-B9EB-405A-B51A-835AC00B7005}.Debug|x86.ActiveCfg = Debug|Win32
		{567C2A1A-B9EB-405A-B51A-835AC00B7005}.Debug|x86.Build.0 = Debug|Win32
		{567C2A1A-B9EB-405A-B51A-835AC00B7005}.Release|x64.ActiveCfg = Release|x64
		{567C2A1A-B9EB-405A-B51A-835AC00B7005}.Release|x64.Build.0 = Release|x64
		{567C2A1A-B9EB-405A-B51A-835AC00B7005}.Release|x86.ActiveCfg = Release|Win32
		{567C2A1A-B9EB-405A-B51A-835AC00B7005}.Release|x86.Build.0 = Release|Win32
		{067AA71C-76FE-4119-A962-07F22DFA5771}.Debug|x64.ActiveCfg = Debug|x64
		{067AA71C-76FE-4119-A962-07F22DFA5771}.Debug|x64.Build.0 = Debug|x64
		{067AA71C-76FE-4119-A962-07F22DFA5771}.Debug|x86.ActiveCfg = Debug|Win32
		{067AA71C-76FE-4119-A962-07F22DFA5771}.Debug|x86.Build.0 = Debug|Win32
		{067AA71C-76FE-4119-A962-07F22DFA5771}.Release|x64.ActiveCfg = Release|x64
		{067AA71C-76FE-4119-A962-07F22DFA5771}.Release|x64.Build.0 = Release|x64
		{067AA71C-76FE-4119-A962-07F22DFA5771}.Release|x86.ActiveCfg = Release|Win32
		{067AA71C-76FE-4119-A962-07F22DFA5771}.Release|x86.Build.0 = Release|Win32
	EndGlobalSection
	GlobalSection(SolutionProperties) = preSolution
		HideSolutionNode = FALSE
	EndGlobalSection
	GlobalSection(ExtensibilityGlobals) = postSolution
		SolutionGuid = {BBFB59EA-8F8E-45B2-B623-EEA870CA1489}
	EndGlobalSection
EndGlobal
